// !$*UTF8*$!
{
	archiveVersion = 1;
	classes = {
	};
	objectVersion = 51;
	objects = {

/* Begin PBXBuildFile section */
		2D4BF5511E406DB2B889E353 /* Pods_Swift5Bokete1.framework in Frameworks */ = {isa = PBXBuildFile; fileRef = 2D830DB0332F4295988C65EB /* Pods_Swift5Bokete1.framework */; };
		8167DD12257DD046001212E9 /* ShareViewController.swift in Sources */ = {isa = PBXBuildFile; fileRef = 8167DD11257DD045001212E9 /* ShareViewController.swift */; };
		81EBA3A2257CAAEC003470B7 /* AppDelegate.swift in Sources */ = {isa = PBXBuildFile; fileRef = 81EBA3A1257CAAEC003470B7 /* AppDelegate.swift */; };
		81EBA3A4257CAAEC003470B7 /* SceneDelegate.swift in Sources */ = {isa = PBXBuildFile; fileRef = 81EBA3A3257CAAEC003470B7 /* SceneDelegate.swift */; };
		81EBA3A6257CAAEC003470B7 /* ViewController.swift in Sources */ = {isa = PBXBuildFile; fileRef = 81EBA3A5257CAAEC003470B7 /* ViewController.swift */; };
		81EBA3A9257CAAEC003470B7 /* Main.storyboard in Resources */ = {isa = PBXBuildFile; fileRef = 81EBA3A7257CAAEC003470B7 /* Main.storyboard */; };
		81EBA3AB257CAAEF003470B7 /* Assets.xcassets in Resources */ = {isa = PBXBuildFile; fileRef = 81EBA3AA257CAAEF003470B7 /* Assets.xcassets */; };
		81EBA3AE257CAAEF003470B7 /* LaunchScreen.storyboard in Resources */ = {isa = PBXBuildFile; fileRef = 81EBA3AC257CAAEF003470B7 /* LaunchScreen.storyboard */; };
/* End PBXBuildFile section */

/* Begin PBXFileReference section */
		04A1C7B8D58C20231AFD020C /* Pods-Swift5Bokete1.release.xcconfig */ = {isa = PBXFileReference; includeInIndex = 1; lastKnownFileType = text.xcconfig; name = "Pods-Swift5Bokete1.release.xcconfig"; path = "Target Support Files/Pods-Swift5Bokete1/Pods-Swift5Bokete1.release.xcconfig"; sourceTree = "<group>"; };
		28862F4148BF66297D9AC596 /* Pods-Swift5Bokete1.debug.xcconfig */ = {isa = PBXFileReference; includeInIndex = 1; lastKnownFileType = text.xcconfig; name = "Pods-Swift5Bokete1.debug.xcconfig"; path = "Target Support Files/Pods-Swift5Bokete1/Pods-Swift5Bokete1.debug.xcconfig"; sourceTree = "<group>"; };
		2D830DB0332F4295988C65EB /* Pods_Swift5Bokete1.framework */ = {isa = PBXFileReference; explicitFileType = wrapper.framework; includeInIndex = 0; path = Pods_Swift5Bokete1.framework; sourceTree = BUILT_PRODUCTS_DIR; };
		8167DD11257DD045001212E9 /* ShareViewController.swift */ = {isa = PBXFileReference; lastKnownFileType = sourcecode.swift; path = ShareViewController.swift; sourceTree = "<group>"; };
		81EBA39E257CAAEC003470B7 /* Swift5Bokete1.app */ = {isa = PBXFileReference; explicitFileType = wrapper.application; includeInIndex = 0; path = Swift5Bokete1.app; sourceTree = BUILT_PRODUCTS_DIR; };
		81EBA3A1257CAAEC003470B7 /* AppDelegate.swift */ = {isa = PBXFileReference; lastKnownFileType = sourcecode.swift; path = AppDelegate.swift; sourceTree = "<group>"; };
		81EBA3A3257CAAEC003470B7 /* SceneDelegate.swift */ = {isa = PBXFileReference; lastKnownFileType = sourcecode.swift; path = SceneDelegate.swift; sourceTree = "<group>"; };
		81EBA3A5257CAAEC003470B7 /* ViewController.swift */ = {isa = PBXFileReference; lastKnownFileType = sourcecode.swift; path = ViewController.swift; sourceTree = "<group>"; };
		81EBA3A8257CAAEC003470B7 /* Base */ = {isa = PBXFileReference; lastKnownFileType = file.storyboard; name = Base; path = Base.lproj/Main.storyboard; sourceTree = "<group>"; };
		81EBA3AA257CAAEF003470B7 /* Assets.xcassets */ = {isa = PBXFileReference; lastKnownFileType = folder.assetcatalog; path = Assets.xcassets; sourceTree = "<group>"; };
		81EBA3AD257CAAEF003470B7 /* Base */ = {isa = PBXFileReference; lastKnownFileType = file.storyboard; name = Base; path = Base.lproj/LaunchScreen.storyboard; sourceTree = "<group>"; };
		81EBA3AF257CAAEF003470B7 /* Info.plist */ = {isa = PBXFileReference; lastKnownFileType = text.plist.xml; path = Info.plist; sourceTree = "<group>"; };
/* End PBXFileReference section */

/* Begin PBXFrameworksBuildPhase section */
		81EBA39B257CAAEC003470B7 /* Frameworks */ = {
			isa = PBXFrameworksBuildPhase;
			buildActionMask = 2147483647;
			files = (
				2D4BF5511E406DB2B889E353 /* Pods_Swift5Bokete1.framework in Frameworks */,
			);
			runOnlyForDeploymentPostprocessing = 0;
		};
/* End PBXFrameworksBuildPhase section */

/* Begin PBXGroup section */
		028D59ED27B89FB82804070F /* Pods */ = {
			isa = PBXGroup;
			children = (
				28862F4148BF66297D9AC596 /* Pods-Swift5Bokete1.debug.xcconfig */,
				04A1C7B8D58C20231AFD020C /* Pods-Swift5Bokete1.release.xcconfig */,
			);
			path = Pods;
			sourceTree = "<group>";
		};
		81EBA395257CAAEC003470B7 = {
			isa = PBXGroup;
			children = (
				81EBA3A0257CAAEC003470B7 /* Swift5Bokete1 */,
				81EBA39F257CAAEC003470B7 /* Products */,
				028D59ED27B89FB82804070F /* Pods */,
				C70232C6E8350E81CB49F5D7 /* Frameworks */,
			);
			sourceTree = "<group>";
		};
		81EBA39F257CAAEC003470B7 /* Products */ = {
			isa = PBXGroup;
			children = (
				81EBA39E257CAAEC003470B7 /* Swift5Bokete1.app */,
			);
			name = Products;
			sourceTree = "<group>";
		};
		81EBA3A0257CAAEC003470B7 /* Swift5Bokete1 */ = {
			isa = PBXGroup;
			children = (
				81EBA3A1257CAAEC003470B7 /* AppDelegate.swift */,
				81EBA3A3257CAAEC003470B7 /* SceneDelegate.swift */,
				81EBA3A5257CAAEC003470B7 /* ViewController.swift */,
				8167DD11257DD045001212E9 /* ShareViewController.swift */,
				81EBA3A7257CAAEC003470B7 /* Main.storyboard */,
				81EBA3AA257CAAEF003470B7 /* Assets.xcassets */,
				81EBA3AC257CAAEF003470B7 /* LaunchScreen.storyboard */,
				81EBA3AF257CAAEF003470B7 /* Info.plist */,
			);
			path = Swift5Bokete1;
			sourceTree = "<group>";
		};
		C70232C6E8350E81CB49F5D7 /* Frameworks */ = {
			isa = PBXGroup;
			children = (
				2D830DB0332F4295988C65EB /* Pods_Swift5Bokete1.framework */,
			);
			name = Frameworks;
			sourceTree = "<group>";
		};
/* End PBXGroup section */

/* Begin PBXNativeTarget section */
		81EBA39D257CAAEC003470B7 /* Swift5Bokete1 */ = {
			isa = PBXNativeTarget;
			buildConfigurationList = 81EBA3B2257CAAEF003470B7 /* Build configuration list for PBXNativeTarget "Swift5Bokete1" */;
			buildPhases = (
				B21909DC1A5BBFDBEB2B0B32 /* [CP] Check Pods Manifest.lock */,
				81EBA39A257CAAEC003470B7 /* Sources */,
				81EBA39B257CAAEC003470B7 /* Frameworks */,
				81EBA39C257CAAEC003470B7 /* Resources */,
				C77BA2D8CB2359EC2A97BAD6 /* [CP] Embed Pods Frameworks */,
			);
			buildRules = (
			);
			dependencies = (
			);
			name = Swift5Bokete1;
			productName = Swift5Bokete1;
			productReference = 81EBA39E257CAAEC003470B7 /* Swift5Bokete1.app */;
			productType = "com.apple.product-type.application";
		};
/* End PBXNativeTarget section */

/* Begin PBXProject section */
		81EBA396257CAAEC003470B7 /* Project object */ = {
			isa = PBXProject;
			attributes = {
				LastSwiftUpdateCheck = 1220;
				LastUpgradeCheck = 1220;
				TargetAttributes = {
					81EBA39D257CAAEC003470B7 = {
						CreatedOnToolsVersion = 12.2;
					};
				};
			};
			buildConfigurationList = 81EBA399257CAAEC003470B7 /* Build configuration list for PBXProject "Swift5Bokete1" */;
			compatibilityVersion = "Xcode 9.3";
			developmentRegion = en;
			hasScannedForEncodings = 0;
			knownRegions = (
				en,
				Base,
			);
			mainGroup = 81EBA395257CAAEC003470B7;
			productRefGroup = 81EBA39F257CAAEC003470B7 /* Products */;
			projectDirPath = "";
			projectRoot = "";
			targets = (
				81EBA39D257CAAEC003470B7 /* Swift5Bokete1 */,
			);
		};
/* End PBXProject section */

/* Begin PBXResourcesBuildPhase section */
		81EBA39C257CAAEC003470B7 /* Resources */ = {
			isa = PBXResourcesBuildPhase;
			buildActionMask = 2147483647;
			files = (
				81EBA3AE257CAAEF003470B7 /* LaunchScreen.storyboard in Resources */,
				81EBA3AB257CAAEF003470B7 /* Assets.xcassets in Resources */,
				81EBA3A9257CAAEC003470B7 /* Main.storyboard in Resources */,
			);
			runOnlyForDeploymentPostprocessing = 0;
		};
/* End PBXResourcesBuildPhase section */

/* Begin PBXShellScriptBuildPhase section */
		B21909DC1A5BBFDBEB2B0B32 /* [CP] Check Pods Manifest.lock */ = {
			isa = PBXShellScriptBuildPhase;
			buildActionMask = 2147483647;
			files = (
			);
			inputFileListPaths = (
			);
			inputPaths = (
				"${PODS_PODFILE_DIR_PATH}/Podfile.lock",
				"${PODS_ROOT}/Manifest.lock",
			);
			name = "[CP] Check Pods Manifest.lock";
			outputFileListPaths = (
			);
			outputPaths = (
				"$(DERIVED_FILE_DIR)/Pods-Swift5Bokete1-checkManifestLockResult.txt",
			);
			runOnlyForDeploymentPostprocessing = 0;
			shellPath = /bin/sh;
			shellScript = "diff \"${PODS_PODFILE_DIR_PATH}/Podfile.lock\" \"${PODS_ROOT}/Manifest.lock\" > /dev/null\nif [ $? != 0 ] ; then\n    # print error to STDERR\n    echo \"error: The sandbox is not in sync with the Podfile.lock. Run 'pod install' or update your CocoaPods installation.\" >&2\n    exit 1\nfi\n# This output is used by Xcode 'outputs' to avoid re-running this script phase.\necho \"SUCCESS\" > \"${SCRIPT_OUTPUT_FILE_0}\"\n";
			showEnvVarsInLog = 0;
		};
		C77BA2D8CB2359EC2A97BAD6 /* [CP] Embed Pods Frameworks */ = {
			isa = PBXShellScriptBuildPhase;
			buildActionMask = 2147483647;
			files = (
			);
			inputFileListPaths = (
				"${PODS_ROOT}/Target Support Files/Pods-Swift5Bokete1/Pods-Swift5Bokete1-frameworks-${CONFIGURATION}-input-files.xcfilelist",
			);
			name = "[CP] Embed Pods Frameworks";
			outputFileListPaths = (
				"${PODS_ROOT}/Target Support Files/Pods-Swift5Bokete1/Pods-Swift5Bokete1-frameworks-${CONFIGURATION}-output-files.xcfilelist",
			);
			runOnlyForDeploymentPostprocessing = 0;
			shellPath = /bin/sh;
			shellScript = "\"${PODS_ROOT}/Target Support Files/Pods-Swift5Bokete1/Pods-Swift5Bokete1-frameworks.sh\"\n";
			showEnvVarsInLog = 0;
		};
/* End PBXShellScriptBuildPhase section */

/* Begin PBXSourcesBuildPhase section */
		81EBA39A257CAAEC003470B7 /* Sources */ = {
			isa = PBXSourcesBuildPhase;
			buildActionMask = 2147483647;
			files = (
				81EBA3A6257CAAEC003470B7 /* ViewController.swift in Sources */,
				81EBA3A2257CAAEC003470B7 /* AppDelegate.swift in Sources */,
				8167DD12257DD046001212E9 /* ShareViewController.swift in Sources */,
				81EBA3A4257CAAEC003470B7 /* SceneDelegate.swift in Sources */,
			);
			runOnlyForDeploymentPostprocessing = 0;
		};
/* End PBXSourcesBuildPhase section */

/* Begin PBXVariantGroup section */
		81EBA3A7257CAAEC003470B7 /* Main.storyboard */ = {
			isa = PBXVariantGroup;
			children = (
				81EBA3A8257CAAEC003470B7 /* Base */,
			);
			name = Main.storyboard;
			sourceTree = "<group>";
		};
		81EBA3AC257CAAEF003470B7 /* LaunchScreen.storyboard */ = {
			isa = PBXVariantGroup;
			children = (
				81EBA3AD257CAAEF003470B7 /* Base */,
			);
			name = LaunchScreen.storyboard;
			sourceTree = "<group>";
		};
/* End PBXVariantGroup section */

/* Begin XCBuildConfiguration section */
		81EBA3B0257CAAEF003470B7 /* Debug */ = {
			isa = XCBuildConfiguration;
			buildSettings = {
				ALWAYS_SEARCH_USER_PATHS = NO;
				CLANG_ANALYZER_NONNULL = YES;
				CLANG_ANALYZER_NUMBER_OBJECT_CONVERSION = YES_AGGRESSIVE;
				CLANG_CXX_LANGUAGE_STANDARD = "gnu++14";
				CLANG_CXX_LIBRARY = "libc++";
				CLANG_ENABLE_MODULES = YES;
				CLANG_ENABLE_OBJC_ARC = YES;
				CLANG_ENABLE_OBJC_WEAK = YES;
				CLANG_WARN_BLOCK_CAPTURE_AUTORELEASING = YES;
				CLANG_WARN_BOOL_CONVERSION = YES;
				CLANG_WARN_COMMA = YES;
				CLANG_WARN_CONSTANT_CONVERSION = YES;
				CLANG_WARN_DEPRECATED_OBJC_IMPLEMENTATIONS = YES;
				CLANG_WARN_DIRECT_OBJC_ISA_USAGE = YES_ERROR;
				CLANG_WARN_DOCUMENTATION_COMMENTS = YES;
				CLANG_WARN_EMPTY_BODY = YES;
				CLANG_WARN_ENUM_CONVERSION = YES;
				CLANG_WARN_INFINITE_RECURSION = YES;
				CLANG_WARN_INT_CONVERSION = YES;
				CLANG_WARN_NON_LITERAL_NULL_CONVERSION = YES;
				CLANG_WARN_OBJC_IMPLICIT_RETAIN_SELF = YES;
				CLANG_WARN_OBJC_LITERAL_CONVERSION = YES;
				CLANG_WARN_OBJC_ROOT_CLASS = YES_ERROR;
				CLANG_WARN_QUOTED_INCLUDE_IN_FRAMEWORK_HEADER = YES;
				CLANG_WARN_RANGE_LOOP_ANALYSIS = YES;
				CLANG_WARN_STRICT_PROTOTYPES = YES;
				CLANG_WARN_SUSPICIOUS_MOVE = YES;
				CLANG_WARN_UNGUARDED_AVAILABILITY = YES_AGGRESSIVE;
				CLANG_WARN_UNREACHABLE_CODE = YES;
				CLANG_WARN__DUPLICATE_METHOD_MATCH = YES;
				COPY_PHASE_STRIP = NO;
				DEBUG_INFORMATION_FORMAT = dwarf;
				ENABLE_STRICT_OBJC_MSGSEND = YES;
				ENABLE_TESTABILITY = YES;
				GCC_C_LANGUAGE_STANDARD = gnu11;
				GCC_DYNAMIC_NO_PIC = NO;
				GCC_NO_COMMON_BLOCKS = YES;
				GCC_OPTIMIZATION_LEVEL = 0;
				GCC_PREPROCESSOR_DEFINITIONS = (
					"DEBUG=1",
					"$(inherited)",
				);
				GCC_WARN_64_TO_32_BIT_CONVERSION = YES;
				GCC_WARN_ABOUT_RETURN_TYPE = YES_ERROR;
				GCC_WARN_UNDECLARED_SELECTOR = YES;
				GCC_WARN_UNINITIALIZED_AUTOS = YES_AGGRESSIVE;
				GCC_WARN_UNUSED_FUNCTION = YES;
				GCC_WARN_UNUSED_VARIABLE = YES;
				IPHONEOS_DEPLOYMENT_TARGET = 14.2;
				MTL_ENABLE_DEBUG_INFO = INCLUDE_SOURCE;
				MTL_FAST_MATH = YES;
				ONLY_ACTIVE_ARCH = YES;
				SDKROOT = iphoneos;
				SWIFT_ACTIVE_COMPILATION_CONDITIONS = DEBUG;
				SWIFT_OPTIMIZATION_LEVEL = "-Onone";
			};
			name = Debug;
		};
		81EBA3B1257CAAEF003470B7 /* Release */ = {
			isa = XCBuildConfiguration;
			buildSettings = {
				ALWAYS_SEARCH_USER_PATHS = NO;
				CLANG_ANALYZER_NONNULL = YES;
				CLANG_ANALYZER_NUMBER_OBJECT_CONVERSION = YES_AGGRESSIVE;
				CLANG_CXX_LANGUAGE_STANDARD = "gnu++14";
				CLANG_CXX_LIBRARY = "libc++";
				CLANG_ENABLE_MODULES = YES;
				CLANG_ENABLE_OBJC_ARC = YES;
				CLANG_ENABLE_OBJC_WEAK = YES;
				CLANG_WARN_BLOCK_CAPTURE_AUTORELEASING = YES;
				CLANG_WARN_BOOL_CONVERSION = YES;
				CLANG_WARN_COMMA = YES;
				CLANG_WARN_CONSTANT_CONVERSION = YES;
				CLANG_WARN_DEPRECATED_OBJC_IMPLEMENTATIONS = YES;
				CLANG_WARN_DIRECT_OBJC_ISA_USAGE = YES_ERROR;
				CLANG_WARN_DOCUMENTATION_COMMENTS = YES;
				CLANG_WARN_EMPTY_BODY = YES;
				CLANG_WARN_ENUM_CONVERSION = YES;
				CLANG_WARN_INFINITE_RECURSION = YES;
				CLANG_WARN_INT_CONVERSION = YES;
				CLANG_WARN_NON_LITERAL_NULL_CONVERSION = YES;
				CLANG_WARN_OBJC_IMPLICIT_RETAIN_SELF = YES;
				CLANG_WARN_OBJC_LITERAL_CONVERSION = YES;
				CLANG_WARN_OBJC_ROOT_CLASS = YES_ERROR;
				CLANG_WARN_QUOTED_INCLUDE_IN_FRAMEWORK_HEADER = YES;
				CLANG_WARN_RANGE_LOOP_ANALYSIS = YES;
				CLANG_WARN_STRICT_PROTOTYPES = YES;
				CLANG_WARN_SUSPICIOUS_MOVE = YES;
				CLANG_WARN_UNGUARDED_AVAILABILITY = YES_AGGRESSIVE;
				CLANG_WARN_UNREACHABLE_CODE = YES;
				CLANG_WARN__DUPLICATE_METHOD_MATCH = YES;
				COPY_PHASE_STRIP = NO;
				DEBUG_INFORMATION_FORMAT = "dwarf-with-dsym";
				ENABLE_NS_ASSERTIONS = NO;
				ENABLE_STRICT_OBJC_MSGSEND = YES;
				GCC_C_LANGUAGE_STANDARD = gnu11;
				GCC_NO_COMMON_BLOCKS = YES;
				GCC_WARN_64_TO_32_BIT_CONVERSION = YES;
				GCC_WARN_ABOUT_RETURN_TYPE = YES_ERROR;
				GCC_WARN_UNDECLARED_SELECTOR = YES;
				GCC_WARN_UNINITIALIZED_AUTOS = YES_AGGRESSIVE;
				GCC_WARN_UNUSED_FUNCTION = YES;
				GCC_WARN_UNUSED_VARIABLE = YES;
				IPHONEOS_DEPLOYMENT_TARGET = 14.2;
				MTL_ENABLE_DEBUG_INFO = NO;
				MTL_FAST_MATH = YES;
				SDKROOT = iphoneos;
				SWIFT_COMPILATION_MODE = wholemodule;
				SWIFT_OPTIMIZATION_LEVEL = "-O";
				VALIDATE_PRODUCT = YES;
			};
			name = Release;
		};
		81EBA3B3257CAAEF003470B7 /* Debug */ = {
			isa = XCBuildConfiguration;
			baseConfigurationReference = 28862F4148BF66297D9AC596 /* Pods-Swift5Bokete1.debug.xcconfig */;
			buildSettings = {
				ASSETCATALOG_COMPILER_APPICON_NAME = AppIcon;
				ASSETCATALOG_COMPILER_GLOBAL_ACCENT_COLOR_NAME = AccentColor;
				CODE_SIGN_STYLE = Automatic;
				DEVELOPMENT_TEAM = R78LYP84FY;
				INFOPLIST_FILE = Swift5Bokete1/Info.plist;
				LD_RUNPATH_SEARCH_PATHS = (
					"$(inherited)",
					"@executable_path/Frameworks",
				);
				PRODUCT_BUNDLE_IDENTIFIER = com.yasuyama.Swift5Bokete1;
				PRODUCT_NAME = "$(TARGET_NAME)";
				SWIFT_VERSION = 5.0;
				TARGETED_DEVICE_FAMILY = 1;
			};
			name = Debug;
		};
		81EBA3B4257CAAEF003470B7 /* Release */ = {
			isa = XCBuildConfiguration;
			baseConfigurationReference = 04A1C7B8D58C20231AFD020C /* Pods-Swift5Bokete1.release.xcconfig */;
			buildSettings = {
				ASSETCATALOG_COMPILER_APPICON_NAME = AppIcon;
				ASSETCATALOG_COMPILER_GLOBAL_ACCENT_COLOR_NAME = AccentColor;
				CODE_SIGN_STYLE = Automatic;
				DEVELOPMENT_TEAM = R78LYP84FY;
				INFOPLIST_FILE = Swift5Bokete1/Info.plist;
				LD_RUNPATH_SEARCH_PATHS = (
					"$(inherited)",
					"@executable_path/Frameworks",
				);
				PRODUCT_BUNDLE_IDENTIFIER = com.yasuyama.Swift5Bokete1;
				PRODUCT_NAME = "$(TARGET_NAME)";
				SWIFT_VERSION = 5.0;
				TARGETED_DEVICE_FAMILY = 1;
			};
			name = Release;
		};
/* End XCBuildConfiguration section */

/* Begin XCConfigurationList section */
		81EBA399257CAAEC003470B7 /* Build configuration list for PBXProject "Swift5Bokete1" */ = {
			isa = XCConfigurationList;
			buildConfigurations = (
				81EBA3B0257CAAEF003470B7 /* Debug */,
				81EBA3B1257CAAEF003470B7 /* Release */,
			);
			defaultConfigurationIsVisible = 0;
			defaultConfigurationName = Release;
		};
		81EBA3B2257CAAEF003470B7 /* Build configuration list for PBXNativeTarget "Swift5Bokete1" */ = {
			isa = XCConfigurationList;
			buildConfigurations = (
				81EBA3B3257CAAEF003470B7 /* Debug */,
				81EBA3B4257CAAEF003470B7 /* Release */,
			);
			defaultConfigurationIsVisible = 0;
			defaultConfigurationName = Release;
		};
/* End XCConfigurationList section */
	};
	rootObject = 81EBA396257CAAEC003470B7 /* Project object */;
}
