// !$*UTF8*$!
{
	archiveVersion = 1;
	classes = {
	};
	objectVersion = 51;
	objects = {

/* Begin PBXBuildFile section */
		289AC9CDF76391B4B47C6096 /* Pods_Swift5IntroApp1.framework in Frameworks */ = {isa = PBXBuildFile; fileRef = BE32431AE21C61F597AB9017 /* Pods_Swift5IntroApp1.framework */; };
		8167DD22257DE999001212E9 /* AppDelegate.swift in Sources */ = {isa = PBXBuildFile; fileRef = 8167DD21257DE999001212E9 /* AppDelegate.swift */; };
		8167DD24257DE999001212E9 /* SceneDelegate.swift in Sources */ = {isa = PBXBuildFile; fileRef = 8167DD23257DE999001212E9 /* SceneDelegate.swift */; };
		8167DD29257DE999001212E9 /* Main.storyboard in Resources */ = {isa = PBXBuildFile; fileRef = 8167DD27257DE999001212E9 /* Main.storyboard */; };
		8167DD2B257DE99C001212E9 /* Assets.xcassets in Resources */ = {isa = PBXBuildFile; fileRef = 8167DD2A257DE99C001212E9 /* Assets.xcassets */; };
		8167DD2E257DE99C001212E9 /* LaunchScreen.storyboard in Resources */ = {isa = PBXBuildFile; fileRef = 8167DD2C257DE99C001212E9 /* LaunchScreen.storyboard */; };
		8167DD47257DED2D001212E9 /* 1.json in Resources */ = {isa = PBXBuildFile; fileRef = 8167DD41257DED2B001212E9 /* 1.json */; };
		8167DD48257DED2D001212E9 /* 3.json in Resources */ = {isa = PBXBuildFile; fileRef = 8167DD42257DED2C001212E9 /* 3.json */; };
		8167DD49257DED2D001212E9 /* 2.json in Resources */ = {isa = PBXBuildFile; fileRef = 8167DD43257DED2C001212E9 /* 2.json */; };
		8167DD4A257DED2D001212E9 /* 4.json in Resources */ = {isa = PBXBuildFile; fileRef = 8167DD44257DED2D001212E9 /* 4.json */; };
		8167DD4B257DED2D001212E9 /* 5.json in Resources */ = {isa = PBXBuildFile; fileRef = 8167DD45257DED2D001212E9 /* 5.json */; };
		8167DD4F257DED70001212E9 /* IntroViewController.swift in Sources */ = {isa = PBXBuildFile; fileRef = 8167DD4E257DED70001212E9 /* IntroViewController.swift */; };
		8167DD54257DFF59001212E9 /* LoginMovieViewController.swift in Sources */ = {isa = PBXBuildFile; fileRef = 8167DD53257DFF59001212E9 /* LoginMovieViewController.swift */; };
		8167DD8525820024001212E9 /* start.mov in Resources */ = {isa = PBXBuildFile; fileRef = 8167DD8425820024001212E9 /* start.mov */; };
		8167DD8825820126001212E9 /* BaseViewController.swift in Sources */ = {isa = PBXBuildFile; fileRef = 8167DD8725820126001212E9 /* BaseViewController.swift */; };
		8167DD8B25820AE0001212E9 /* Page1TableViewController.swift in Sources */ = {isa = PBXBuildFile; fileRef = 8167DD8A25820AE0001212E9 /* Page1TableViewController.swift */; };
		8167DD8E258212DB001212E9 /* NewsItems.swift in Sources */ = {isa = PBXBuildFile; fileRef = 8167DD8D258212DB001212E9 /* NewsItems.swift */; };
		8167DD9525825197001212E9 /* WebViewController.swift in Sources */ = {isa = PBXBuildFile; fileRef = 8167DD9425825197001212E9 /* WebViewController.swift */; };
		8167DD9825825803001212E9 /* Page2TableViewController.swift in Sources */ = {isa = PBXBuildFile; fileRef = 8167DD9725825803001212E9 /* Page2TableViewController.swift */; };
/* End PBXBuildFile section */

/* Begin PBXFileReference section */
		8167DD1E257DE999001212E9 /* Swift5IntroApp1.app */ = {isa = PBXFileReference; explicitFileType = wrapper.application; includeInIndex = 0; path = Swift5IntroApp1.app; sourceTree = BUILT_PRODUCTS_DIR; };
		8167DD21257DE999001212E9 /* AppDelegate.swift */ = {isa = PBXFileReference; lastKnownFileType = sourcecode.swift; path = AppDelegate.swift; sourceTree = "<group>"; };
		8167DD23257DE999001212E9 /* SceneDelegate.swift */ = {isa = PBXFileReference; lastKnownFileType = sourcecode.swift; path = SceneDelegate.swift; sourceTree = "<group>"; };
		8167DD28257DE999001212E9 /* Base */ = {isa = PBXFileReference; lastKnownFileType = file.storyboard; name = Base; path = Base.lproj/Main.storyboard; sourceTree = "<group>"; };
		8167DD2A257DE99C001212E9 /* Assets.xcassets */ = {isa = PBXFileReference; lastKnownFileType = folder.assetcatalog; path = Assets.xcassets; sourceTree = "<group>"; };
		8167DD2D257DE99C001212E9 /* Base */ = {isa = PBXFileReference; lastKnownFileType = file.storyboard; name = Base; path = Base.lproj/LaunchScreen.storyboard; sourceTree = "<group>"; };
		8167DD2F257DE99C001212E9 /* Info.plist */ = {isa = PBXFileReference; lastKnownFileType = text.plist.xml; path = Info.plist; sourceTree = "<group>"; };
		8167DD41257DED2B001212E9 /* 1.json */ = {isa = PBXFileReference; fileEncoding = 4; lastKnownFileType = text.json; path = 1.json; sourceTree = "<group>"; };
		8167DD42257DED2C001212E9 /* 3.json */ = {isa = PBXFileReference; fileEncoding = 4; lastKnownFileType = text.json; path = 3.json; sourceTree = "<group>"; };
		8167DD43257DED2C001212E9 /* 2.json */ = {isa = PBXFileReference; fileEncoding = 4; lastKnownFileType = text.json; path = 2.json; sourceTree = "<group>"; };
		8167DD44257DED2D001212E9 /* 4.json */ = {isa = PBXFileReference; fileEncoding = 4; lastKnownFileType = text.json; path = 4.json; sourceTree = "<group>"; };
		8167DD45257DED2D001212E9 /* 5.json */ = {isa = PBXFileReference; fileEncoding = 4; lastKnownFileType = text.json; path = 5.json; sourceTree = "<group>"; };
		8167DD4E257DED70001212E9 /* IntroViewController.swift */ = {isa = PBXFileReference; lastKnownFileType = sourcecode.swift; path = IntroViewController.swift; sourceTree = "<group>"; };
		8167DD53257DFF59001212E9 /* LoginMovieViewController.swift */ = {isa = PBXFileReference; lastKnownFileType = sourcecode.swift; path = LoginMovieViewController.swift; sourceTree = "<group>"; };
		8167DD8425820024001212E9 /* start.mov */ = {isa = PBXFileReference; lastKnownFileType = video.quicktime; path = start.mov; sourceTree = "<group>"; };
		8167DD8725820126001212E9 /* BaseViewController.swift */ = {isa = PBXFileReference; lastKnownFileType = sourcecode.swift; path = BaseViewController.swift; sourceTree = "<group>"; };
		8167DD8A25820AE0001212E9 /* Page1TableViewController.swift */ = {isa = PBXFileReference; lastKnownFileType = sourcecode.swift; path = Page1TableViewController.swift; sourceTree = "<group>"; };
		8167DD8D258212DB001212E9 /* NewsItems.swift */ = {isa = PBXFileReference; lastKnownFileType = sourcecode.swift; path = NewsItems.swift; sourceTree = "<group>"; };
		8167DD9425825197001212E9 /* WebViewController.swift */ = {isa = PBXFileReference; lastKnownFileType = sourcecode.swift; path = WebViewController.swift; sourceTree = "<group>"; };
		8167DD9725825803001212E9 /* Page2TableViewController.swift */ = {isa = PBXFileReference; lastKnownFileType = sourcecode.swift; path = Page2TableViewController.swift; sourceTree = "<group>"; };
		A1837C5AFEDD0095878A616B /* Pods-Swift5IntroApp1.debug.xcconfig */ = {isa = PBXFileReference; includeInIndex = 1; lastKnownFileType = text.xcconfig; name = "Pods-Swift5IntroApp1.debug.xcconfig"; path = "Target Support Files/Pods-Swift5IntroApp1/Pods-Swift5IntroApp1.debug.xcconfig"; sourceTree = "<group>"; };
		A6BECE1C89E646CE43D494F9 /* Pods-Swift5IntroApp1.release.xcconfig */ = {isa = PBXFileReference; includeInIndex = 1; lastKnownFileType = text.xcconfig; name = "Pods-Swift5IntroApp1.release.xcconfig"; path = "Target Support Files/Pods-Swift5IntroApp1/Pods-Swift5IntroApp1.release.xcconfig"; sourceTree = "<group>"; };
		BE32431AE21C61F597AB9017 /* Pods_Swift5IntroApp1.framework */ = {isa = PBXFileReference; explicitFileType = wrapper.framework; includeInIndex = 0; path = Pods_Swift5IntroApp1.framework; sourceTree = BUILT_PRODUCTS_DIR; };
/* End PBXFileReference section */

/* Begin PBXFrameworksBuildPhase section */
		8167DD1B257DE999001212E9 /* Frameworks */ = {
			isa = PBXFrameworksBuildPhase;
			buildActionMask = 2147483647;
			files = (
				289AC9CDF76391B4B47C6096 /* Pods_Swift5IntroApp1.framework in Frameworks */,
			);
			runOnlyForDeploymentPostprocessing = 0;
		};
/* End PBXFrameworksBuildPhase section */

/* Begin PBXGroup section */
		45486269FD269A9D428076AD /* Frameworks */ = {
			isa = PBXGroup;
			children = (
				BE32431AE21C61F597AB9017 /* Pods_Swift5IntroApp1.framework */,
			);
			name = Frameworks;
			sourceTree = "<group>";
		};
		8167DD15257DE999001212E9 = {
			isa = PBXGroup;
			children = (
				8167DD20257DE999001212E9 /* Swift5IntroApp1 */,
				8167DD1F257DE999001212E9 /* Products */,
				D5BB6F929FB9D8560E3EAD36 /* Pods */,
				45486269FD269A9D428076AD /* Frameworks */,
			);
			sourceTree = "<group>";
		};
		8167DD1F257DE999001212E9 /* Products */ = {
			isa = PBXGroup;
			children = (
				8167DD1E257DE999001212E9 /* Swift5IntroApp1.app */,
			);
			name = Products;
			sourceTree = "<group>";
		};
		8167DD20257DE999001212E9 /* Swift5IntroApp1 */ = {
			isa = PBXGroup;
			children = (
				8167DD3C257DEBDE001212E9 /* Model */,
				8167DD3D257DEBED001212E9 /* View */,
				8167DD3E257DEBF7001212E9 /* Controller */,
				8167DD2F257DE99C001212E9 /* Info.plist */,
				8167DD41257DED2B001212E9 /* 1.json */,
				8167DD43257DED2C001212E9 /* 2.json */,
				8167DD42257DED2C001212E9 /* 3.json */,
				8167DD44257DED2D001212E9 /* 4.json */,
				8167DD45257DED2D001212E9 /* 5.json */,
				8167DD8425820024001212E9 /* start.mov */,
			);
			path = Swift5IntroApp1;
			sourceTree = "<group>";
		};
		8167DD3C257DEBDE001212E9 /* Model */ = {
			isa = PBXGroup;
			children = (
				8167DD8D258212DB001212E9 /* NewsItems.swift */,
			);
			path = Model;
			sourceTree = "<group>";
		};
		8167DD3D257DEBED001212E9 /* View */ = {
			isa = PBXGroup;
			children = (
				8167DD27257DE999001212E9 /* Main.storyboard */,
				8167DD2A257DE99C001212E9 /* Assets.xcassets */,
				8167DD2C257DE99C001212E9 /* LaunchScreen.storyboard */,
			);
			path = View;
			sourceTree = "<group>";
		};
		8167DD3E257DEBF7001212E9 /* Controller */ = {
			isa = PBXGroup;
			children = (
				8167DD21257DE999001212E9 /* AppDelegate.swift */,
				8167DD23257DE999001212E9 /* SceneDelegate.swift */,
				8167DD4E257DED70001212E9 /* IntroViewController.swift */,
				8167DD53257DFF59001212E9 /* LoginMovieViewController.swift */,
				8167DD8725820126001212E9 /* BaseViewController.swift */,
				8167DD8A25820AE0001212E9 /* Page1TableViewController.swift */,
				8167DD9425825197001212E9 /* WebViewController.swift */,
				8167DD9725825803001212E9 /* Page2TableViewController.swift */,
			);
			path = Controller;
			sourceTree = "<group>";
		};
		D5BB6F929FB9D8560E3EAD36 /* Pods */ = {
			isa = PBXGroup;
			children = (
				A1837C5AFEDD0095878A616B /* Pods-Swift5IntroApp1.debug.xcconfig */,
				A6BECE1C89E646CE43D494F9 /* Pods-Swift5IntroApp1.release.xcconfig */,
			);
			path = Pods;
			sourceTree = "<group>";
		};
/* End PBXGroup section */

/* Begin PBXNativeTarget section */
		8167DD1D257DE999001212E9 /* Swift5IntroApp1 */ = {
			isa = PBXNativeTarget;
			buildConfigurationList = 8167DD32257DE99C001212E9 /* Build configuration list for PBXNativeTarget "Swift5IntroApp1" */;
			buildPhases = (
				AF00C7E00F6A6E95932210BC /* [CP] Check Pods Manifest.lock */,
				8167DD1A257DE999001212E9 /* Sources */,
				8167DD1B257DE999001212E9 /* Frameworks */,
				8167DD1C257DE999001212E9 /* Resources */,
				8B05AF5B2FAFCF47BE6CFCED /* [CP] Embed Pods Frameworks */,
			);
			buildRules = (
			);
			dependencies = (
			);
			name = Swift5IntroApp1;
			productName = Swift5IntroApp1;
			productReference = 8167DD1E257DE999001212E9 /* Swift5IntroApp1.app */;
			productType = "com.apple.product-type.application";
		};
/* End PBXNativeTarget section */

/* Begin PBXProject section */
		8167DD16257DE999001212E9 /* Project object */ = {
			isa = PBXProject;
			attributes = {
				LastSwiftUpdateCheck = 1220;
				LastUpgradeCheck = 1220;
				TargetAttributes = {
					8167DD1D257DE999001212E9 = {
						CreatedOnToolsVersion = 12.2;
					};
				};
			};
			buildConfigurationList = 8167DD19257DE999001212E9 /* Build configuration list for PBXProject "Swift5IntroApp1" */;
			compatibilityVersion = "Xcode 9.3";
			developmentRegion = en;
			hasScannedForEncodings = 0;
			knownRegions = (
				en,
				Base,
			);
			mainGroup = 8167DD15257DE999001212E9;
			productRefGroup = 8167DD1F257DE999001212E9 /* Products */;
			projectDirPath = "";
			projectRoot = "";
			targets = (
				8167DD1D257DE999001212E9 /* Swift5IntroApp1 */,
			);
		};
/* End PBXProject section */

/* Begin PBXResourcesBuildPhase section */
		8167DD1C257DE999001212E9 /* Resources */ = {
			isa = PBXResourcesBuildPhase;
			buildActionMask = 2147483647;
			files = (
				8167DD48257DED2D001212E9 /* 3.json in Resources */,
				8167DD8525820024001212E9 /* start.mov in Resources */,
				8167DD2E257DE99C001212E9 /* LaunchScreen.storyboard in Resources */,
				8167DD4A257DED2D001212E9 /* 4.json in Resources */,
				8167DD4B257DED2D001212E9 /* 5.json in Resources */,
				8167DD49257DED2D001212E9 /* 2.json in Resources */,
				8167DD2B257DE99C001212E9 /* Assets.xcassets in Resources */,
				8167DD29257DE999001212E9 /* Main.storyboard in Resources */,
				8167DD47257DED2D001212E9 /* 1.json in Resources */,
			);
			runOnlyForDeploymentPostprocessing = 0;
		};
/* End PBXResourcesBuildPhase section */

/* Begin PBXShellScriptBuildPhase section */
		8B05AF5B2FAFCF47BE6CFCED /* [CP] Embed Pods Frameworks */ = {
			isa = PBXShellScriptBuildPhase;
			buildActionMask = 2147483647;
			files = (
			);
			inputFileListPaths = (
				"${PODS_ROOT}/Target Support Files/Pods-Swift5IntroApp1/Pods-Swift5IntroApp1-frameworks-${CONFIGURATION}-input-files.xcfilelist",
			);
			name = "[CP] Embed Pods Frameworks";
			outputFileListPaths = (
				"${PODS_ROOT}/Target Support Files/Pods-Swift5IntroApp1/Pods-Swift5IntroApp1-frameworks-${CONFIGURATION}-output-files.xcfilelist",
			);
			runOnlyForDeploymentPostprocessing = 0;
			shellPath = /bin/sh;
			shellScript = "\"${PODS_ROOT}/Target Support Files/Pods-Swift5IntroApp1/Pods-Swift5IntroApp1-frameworks.sh\"\n";
			showEnvVarsInLog = 0;
		};
		AF00C7E00F6A6E95932210BC /* [CP] Check Pods Manifest.lock */ = {
			isa = PBXShellScriptBuildPhase;
			buildActionMask = 2147483647;
			files = (
			);
			inputFileListPaths = (
			);
			inputPaths = (
				"${PODS_PODFILE_DIR_PATH}/Podfile.lock",
				"${PODS_ROOT}/Manifest.lock",
			);
			name = "[CP] Check Pods Manifest.lock";
			outputFileListPaths = (
			);
			outputPaths = (
				"$(DERIVED_FILE_DIR)/Pods-Swift5IntroApp1-checkManifestLockResult.txt",
			);
			runOnlyForDeploymentPostprocessing = 0;
			shellPath = /bin/sh;
			shellScript = "diff \"${PODS_PODFILE_DIR_PATH}/Podfile.lock\" \"${PODS_ROOT}/Manifest.lock\" > /dev/null\nif [ $? != 0 ] ; then\n    # print error to STDERR\n    echo \"error: The sandbox is not in sync with the Podfile.lock. Run 'pod install' or update your CocoaPods installation.\" >&2\n    exit 1\nfi\n# This output is used by Xcode 'outputs' to avoid re-running this script phase.\necho \"SUCCESS\" > \"${SCRIPT_OUTPUT_FILE_0}\"\n";
			showEnvVarsInLog = 0;
		};
/* End PBXShellScriptBuildPhase section */

/* Begin PBXSourcesBuildPhase section */
		8167DD1A257DE999001212E9 /* Sources */ = {
			isa = PBXSourcesBuildPhase;
			buildActionMask = 2147483647;
			files = (
				8167DD8825820126001212E9 /* BaseViewController.swift in Sources */,
				8167DD8E258212DB001212E9 /* NewsItems.swift in Sources */,
				8167DD9825825803001212E9 /* Page2TableViewController.swift in Sources */,
				8167DD54257DFF59001212E9 /* LoginMovieViewController.swift in Sources */,
				8167DD8B25820AE0001212E9 /* Page1TableViewController.swift in Sources */,
				8167DD22257DE999001212E9 /* AppDelegate.swift in Sources */,
				8167DD24257DE999001212E9 /* SceneDelegate.swift in Sources */,
				8167DD4F257DED70001212E9 /* IntroViewController.swift in Sources */,
				8167DD9525825197001212E9 /* WebViewController.swift in Sources */,
			);
			runOnlyForDeploymentPostprocessing = 0;
		};
/* End PBXSourcesBuildPhase section */

/* Begin PBXVariantGroup section */
		8167DD27257DE999001212E9 /* Main.storyboard */ = {
			isa = PBXVariantGroup;
			children = (
				8167DD28257DE999001212E9 /* Base */,
			);
			name = Main.storyboard;
			sourceTree = "<group>";
		};
		8167DD2C257DE99C001212E9 /* LaunchScreen.storyboard */ = {
			isa = PBXVariantGroup;
			children = (
				8167DD2D257DE99C001212E9 /* Base */,
			);
			name = LaunchScreen.storyboard;
			sourceTree = "<group>";
		};
/* End PBXVariantGroup section */

/* Begin XCBuildConfiguration section */
		8167DD30257DE99C001212E9 /* Debug */ = {
			isa = XCBuildConfiguration;
			buildSettings = {
				ALWAYS_SEARCH_USER_PATHS = NO;
				CLANG_ANALYZER_NONNULL = YES;
				CLANG_ANALYZER_NUMBER_OBJECT_CONVERSION = YES_AGGRESSIVE;
				CLANG_CXX_LANGUAGE_STANDARD = "gnu++14";
				CLANG_CXX_LIBRARY = "libc++";
				CLANG_ENABLE_MODULES = YES;
				CLANG_ENABLE_OBJC_ARC = YES;
				CLANG_ENABLE_OBJC_WEAK = YES;
				CLANG_WARN_BLOCK_CAPTURE_AUTORELEASING = YES;
				CLANG_WARN_BOOL_CONVERSION = YES;
				CLANG_WARN_COMMA = YES;
				CLANG_WARN_CONSTANT_CONVERSION = YES;
				CLANG_WARN_DEPRECATED_OBJC_IMPLEMENTATIONS = YES;
				CLANG_WARN_DIRECT_OBJC_ISA_USAGE = YES_ERROR;
				CLANG_WARN_DOCUMENTATION_COMMENTS = YES;
				CLANG_WARN_EMPTY_BODY = YES;
				CLANG_WARN_ENUM_CONVERSION = YES;
				CLANG_WARN_INFINITE_RECURSION = YES;
				CLANG_WARN_INT_CONVERSION = YES;
				CLANG_WARN_NON_LITERAL_NULL_CONVERSION = YES;
				CLANG_WARN_OBJC_IMPLICIT_RETAIN_SELF = YES;
				CLANG_WARN_OBJC_LITERAL_CONVERSION = YES;
				CLANG_WARN_OBJC_ROOT_CLASS = YES_ERROR;
				CLANG_WARN_QUOTED_INCLUDE_IN_FRAMEWORK_HEADER = YES;
				CLANG_WARN_RANGE_LOOP_ANALYSIS = YES;
				CLANG_WARN_STRICT_PROTOTYPES = YES;
				CLANG_WARN_SUSPICIOUS_MOVE = YES;
				CLANG_WARN_UNGUARDED_AVAILABILITY = YES_AGGRESSIVE;
				CLANG_WARN_UNREACHABLE_CODE = YES;
				CLANG_WARN__DUPLICATE_METHOD_MATCH = YES;
				COPY_PHASE_STRIP = NO;
				DEBUG_INFORMATION_FORMAT = dwarf;
				ENABLE_STRICT_OBJC_MSGSEND = YES;
				ENABLE_TESTABILITY = YES;
				GCC_C_LANGUAGE_STANDARD = gnu11;
				GCC_DYNAMIC_NO_PIC = NO;
				GCC_NO_COMMON_BLOCKS = YES;
				GCC_OPTIMIZATION_LEVEL = 0;
				GCC_PREPROCESSOR_DEFINITIONS = (
					"DEBUG=1",
					"$(inherited)",
				);
				GCC_WARN_64_TO_32_BIT_CONVERSION = YES;
				GCC_WARN_ABOUT_RETURN_TYPE = YES_ERROR;
				GCC_WARN_UNDECLARED_SELECTOR = YES;
				GCC_WARN_UNINITIALIZED_AUTOS = YES_AGGRESSIVE;
				GCC_WARN_UNUSED_FUNCTION = YES;
				GCC_WARN_UNUSED_VARIABLE = YES;
				IPHONEOS_DEPLOYMENT_TARGET = 14.2;
				MTL_ENABLE_DEBUG_INFO = INCLUDE_SOURCE;
				MTL_FAST_MATH = YES;
				ONLY_ACTIVE_ARCH = YES;
				SDKROOT = iphoneos;
				SWIFT_ACTIVE_COMPILATION_CONDITIONS = DEBUG;
				SWIFT_OPTIMIZATION_LEVEL = "-Onone";
			};
			name = Debug;
		};
		8167DD31257DE99C001212E9 /* Release */ = {
			isa = XCBuildConfiguration;
			buildSettings = {
				ALWAYS_SEARCH_USER_PATHS = NO;
				CLANG_ANALYZER_NONNULL = YES;
				CLANG_ANALYZER_NUMBER_OBJECT_CONVERSION = YES_AGGRESSIVE;
				CLANG_CXX_LANGUAGE_STANDARD = "gnu++14";
				CLANG_CXX_LIBRARY = "libc++";
				CLANG_ENABLE_MODULES = YES;
				CLANG_ENABLE_OBJC_ARC = YES;
				CLANG_ENABLE_OBJC_WEAK = YES;
				CLANG_WARN_BLOCK_CAPTURE_AUTORELEASING = YES;
				CLANG_WARN_BOOL_CONVERSION = YES;
				CLANG_WARN_COMMA = YES;
				CLANG_WARN_CONSTANT_CONVERSION = YES;
				CLANG_WARN_DEPRECATED_OBJC_IMPLEMENTATIONS = YES;
				CLANG_WARN_DIRECT_OBJC_ISA_USAGE = YES_ERROR;
				CLANG_WARN_DOCUMENTATION_COMMENTS = YES;
				CLANG_WARN_EMPTY_BODY = YES;
				CLANG_WARN_ENUM_CONVERSION = YES;
				CLANG_WARN_INFINITE_RECURSION = YES;
				CLANG_WARN_INT_CONVERSION = YES;
				CLANG_WARN_NON_LITERAL_NULL_CONVERSION = YES;
				CLANG_WARN_OBJC_IMPLICIT_RETAIN_SELF = YES;
				CLANG_WARN_OBJC_LITERAL_CONVERSION = YES;
				CLANG_WARN_OBJC_ROOT_CLASS = YES_ERROR;
				CLANG_WARN_QUOTED_INCLUDE_IN_FRAMEWORK_HEADER = YES;
				CLANG_WARN_RANGE_LOOP_ANALYSIS = YES;
				CLANG_WARN_STRICT_PROTOTYPES = YES;
				CLANG_WARN_SUSPICIOUS_MOVE = YES;
				CLANG_WARN_UNGUARDED_AVAILABILITY = YES_AGGRESSIVE;
				CLANG_WARN_UNREACHABLE_CODE = YES;
				CLANG_WARN__DUPLICATE_METHOD_MATCH = YES;
				COPY_PHASE_STRIP = NO;
				DEBUG_INFORMATION_FORMAT = "dwarf-with-dsym";
				ENABLE_NS_ASSERTIONS = NO;
				ENABLE_STRICT_OBJC_MSGSEND = YES;
				GCC_C_LANGUAGE_STANDARD = gnu11;
				GCC_NO_COMMON_BLOCKS = YES;
				GCC_WARN_64_TO_32_BIT_CONVERSION = YES;
				GCC_WARN_ABOUT_RETURN_TYPE = YES_ERROR;
				GCC_WARN_UNDECLARED_SELECTOR = YES;
				GCC_WARN_UNINITIALIZED_AUTOS = YES_AGGRESSIVE;
				GCC_WARN_UNUSED_FUNCTION = YES;
				GCC_WARN_UNUSED_VARIABLE = YES;
				IPHONEOS_DEPLOYMENT_TARGET = 14.2;
				MTL_ENABLE_DEBUG_INFO = NO;
				MTL_FAST_MATH = YES;
				SDKROOT = iphoneos;
				SWIFT_COMPILATION_MODE = wholemodule;
				SWIFT_OPTIMIZATION_LEVEL = "-O";
				VALIDATE_PRODUCT = YES;
			};
			name = Release;
		};
		8167DD33257DE99C001212E9 /* Debug */ = {
			isa = XCBuildConfiguration;
			baseConfigurationReference = A1837C5AFEDD0095878A616B /* Pods-Swift5IntroApp1.debug.xcconfig */;
			buildSettings = {
				ASSETCATALOG_COMPILER_APPICON_NAME = AppIcon;
				ASSETCATALOG_COMPILER_GLOBAL_ACCENT_COLOR_NAME = AccentColor;
				CODE_SIGN_STYLE = Automatic;
				DEVELOPMENT_TEAM = R78LYP84FY;
				INFOPLIST_FILE = Swift5IntroApp1/Info.plist;
				LD_RUNPATH_SEARCH_PATHS = (
					"$(inherited)",
					"@executable_path/Frameworks",
				);
				PRODUCT_BUNDLE_IDENTIFIER = com.yasuyama.Swift5IntroApp1;
				PRODUCT_NAME = "$(TARGET_NAME)";
				SWIFT_VERSION = 5.0;
				TARGETED_DEVICE_FAMILY = 1;
			};
			name = Debug;
		};
		8167DD34257DE99C001212E9 /* Release */ = {
			isa = XCBuildConfiguration;
			baseConfigurationReference = A6BECE1C89E646CE43D494F9 /* Pods-Swift5IntroApp1.release.xcconfig */;
			buildSettings = {
				ASSETCATALOG_COMPILER_APPICON_NAME = AppIcon;
				ASSETCATALOG_COMPILER_GLOBAL_ACCENT_COLOR_NAME = AccentColor;
				CODE_SIGN_STYLE = Automatic;
				DEVELOPMENT_TEAM = R78LYP84FY;
				INFOPLIST_FILE = Swift5IntroApp1/Info.plist;
				LD_RUNPATH_SEARCH_PATHS = (
					"$(inherited)",
					"@executable_path/Frameworks",
				);
				PRODUCT_BUNDLE_IDENTIFIER = com.yasuyama.Swift5IntroApp1;
				PRODUCT_NAME = "$(TARGET_NAME)";
				SWIFT_VERSION = 5.0;
				TARGETED_DEVICE_FAMILY = 1;
			};
			name = Release;
		};
/* End XCBuildConfiguration section */

/* Begin XCConfigurationList section */
		8167DD19257DE999001212E9 /* Build configuration list for PBXProject "Swift5IntroApp1" */ = {
			isa = XCConfigurationList;
			buildConfigurations = (
				8167DD30257DE99C001212E9 /* Debug */,
				8167DD31257DE99C001212E9 /* Release */,
			);
			defaultConfigurationIsVisible = 0;
			defaultConfigurationName = Release;
		};
		8167DD32257DE99C001212E9 /* Build configuration list for PBXNativeTarget "Swift5IntroApp1" */ = {
			isa = XCConfigurationList;
			buildConfigurations = (
				8167DD33257DE99C001212E9 /* Debug */,
				8167DD34257DE99C001212E9 /* Release */,
			);
			defaultConfigurationIsVisible = 0;
			defaultConfigurationName = Release;
		};
/* End XCConfigurationList section */
	};
	rootObject = 8167DD16257DE999001212E9 /* Project object */;
}
